
Microsoft Visual Studio Solution File, Format Version 12.00
# Visual Studio Version 17
VisualStudioVersion = 17.2.32516.85
MinimumVisualStudioVersion = 10.0.40219.1
Project("{FAE04EC0-301F-11D3-BF4B-00C04F79EFBC}") = "Generic", "Generic\Generic.csproj", "{BCAF53B1-60F9-4CD5-974B-FDED481F37D7}"
EndProject
Global
	GlobalSection(SolutionConfigurationPlatforms) = preSolution
		Debug|Any CPU = Debug|Any CPU
		Release|Any CPU = Release|Any CPU
	EndGlobalSection
	GlobalSection(ProjectConfigurationPlatforms) = postSolution
		{BCAF53B1-60F9-4CD5-974B-FDED481F37D7}.Debug|Any CPU.ActiveCfg = Debug|Any CPU
		{BCAF53B1-60F9-4CD5-974B-FDED481F37D7}.Debug|Any CPU.Build.0 = Debug|Any CPU
		{BCAF53B1-60F9-4CD5-974B-FDED481F37D7}.Release|Any CPU.ActiveCfg = Release|Any CPU
		{BCAF53B1-60F9-4CD5-974B-FDED481F37D7}.Release|Any CPU.Build.0 = Release|Any CPU
	EndGlobalSection
	GlobalSection(SolutionProperties) = preSolution
		HideSolutionNode = FALSE
	EndGlobalSection
	GlobalSection(ExtensibilityGlobals) = postSolution
		SolutionGuid = {E81DA37A-D8D5-4164-8B22-D56E28EE2C78}
	EndGlobalSection
EndGlobal
